
Microsoft Visual Studio Solution File, Format Version 12.00
# Visual Studio Version 17
VisualStudioVersion = 17.0.31903.59
MinimumVisualStudioVersion = 10.0.40219.1
Project("{FAE04EC0-301F-11D3-BF4B-00C04F79EFBC}") = "SuperHeroAPI", "SuperHeroAPI\SuperHeroAPI.csproj", "{21FFC873-6155-4FB4-829B-437DA651B50E}"
EndProject
Global
	GlobalSection(SolutionConfigurationPlatforms) = preSolution
		Debug|Any CPU = Debug|Any CPU
		Release|Any CPU = Release|Any CPU
	EndGlobalSection
	GlobalSection(ProjectConfigurationPlatforms) = postSolution
		{21FFC873-6155-4FB4-829B-437DA651B50E}.Debug|Any CPU.ActiveCfg = Debug|Any CPU
		{21FFC873-6155-4FB4-829B-437DA651B50E}.Debug|Any CPU.Build.0 = Debug|Any CPU
		{21FFC873-6155-4FB4-829B-437DA651B50E}.Release|Any CPU.ActiveCfg = Release|Any CPU
		{21FFC873-6155-4FB4-829B-437DA651B50E}.Release|Any CPU.Build.0 = Release|Any CPU
	EndGlobalSection
	GlobalSection(SolutionProperties) = preSolution
		HideSolutionNode = FALSE
	EndGlobalSection
	GlobalSection(ExtensibilityGlobals) = postSolution
		SolutionGuid = {FB3464C8-85EA-40E5-BBE0-468EB75EA996}
	EndGlobalSection
EndGlobal
